
Microsoft Visual Studio Solution File, Format Version 12.00
Project("{FAE04EC0-301F-11D3-BF4B-00C04F79EFBC}") = "SmartEventManagementSystem", "SmartEventManagementSystem\SmartEventManagementSystem.csproj", "{CE316CC1-03AB-476D-AFDB-C7625DB86291}"
EndProject
Global
	GlobalSection(SolutionConfigurationPlatforms) = preSolution
		Debug|Any CPU = Debug|Any CPU
		Release|Any CPU = Release|Any CPU
	EndGlobalSection
	GlobalSection(ProjectConfigurationPlatforms) = postSolution
		{CE316CC1-03AB-476D-AFDB-C7625DB86291}.Debug|Any CPU.ActiveCfg = Debug|Any CPU
		{CE316CC1-03AB-476D-AFDB-C7625DB86291}.Debug|Any CPU.Build.0 = Debug|Any CPU
		{CE316CC1-03AB-476D-AFDB-C7625DB86291}.Release|Any CPU.ActiveCfg = Release|Any CPU
		{CE316CC1-03AB-476D-AFDB-C7625DB86291}.Release|Any CPU.Build.0 = Release|Any CPU
	EndGlobalSection
EndGlobal
